
Microsoft Visual Studio Solution File, Format Version 12.00
# Visual Studio Version 16
VisualStudioVersion = 16.0.30114.105
MinimumVisualStudioVersion = 10.0.40219.1
Project("{2150E333-8FDC-42A3-9474-1A3956D46DE8}") = "Solution Items", "Solution Items", "{EB965DA8-FEC1-40F1-BE84-0568DAB66EDA}"
	ProjectSection(SolutionItems) = preProject
		.editorconfig = .editorconfig
		postman\Emsi Training.postman_environment.json = postman\Emsi Training.postman_environment.json
		src\Emsi.Api\Emsi.Api.csproj = src\Emsi.Api\Emsi.Api.csproj
		postman\Emsi.postman_collection.json = postman\Emsi.postman_collection.json
		EmsiData.sql = EmsiData.sql
	EndProjectSection
EndProject
Project("{9A19103F-16F7-4668-BE54-9A1E7A4F7556}") = "Emsi.Playground", "src\Emsi.Playground\Emsi.Playground.csproj", "{0D90675C-B3BC-4766-95AC-ACABB265EEEB}"
EndProject
Project("{9A19103F-16F7-4668-BE54-9A1E7A4F7556}") = "Emsi.Api", "src\Emsi.Api\Emsi.Api.csproj", "{12D0D483-409D-4EAF-B03C-95D2C08744D9}"
EndProject
Project("{9A19103F-16F7-4668-BE54-9A1E7A4F7556}") = "Emsi.Web.ApiDashboard", "src\Emsi.Web.ApiDashboard\Emsi.Web.ApiDashboard.csproj", "{D6FEB1C2-35CA-4B01-965A-D42627437762}"
EndProject
Project("{9A19103F-16F7-4668-BE54-9A1E7A4F7556}") = "Emsi.Api.Console", "src\Emsi.Api.Console\Emsi.Api.Console.csproj", "{734052A1-A558-4843-8102-E2033DC828C7}"
EndProject
Project("{9A19103F-16F7-4668-BE54-9A1E7A4F7556}") = "Emsi.Data", "src\Emsi.Data\Emsi.Data.csproj", "{D0F233F7-B54F-4F99-AEDD-01F5220A37FF}"
EndProject
Global
	GlobalSection(SolutionConfigurationPlatforms) = preSolution
		Debug|Any CPU = Debug|Any CPU
		Release|Any CPU = Release|Any CPU
	EndGlobalSection
	GlobalSection(ProjectConfigurationPlatforms) = postSolution
		{0D90675C-B3BC-4766-95AC-ACABB265EEEB}.Debug|Any CPU.ActiveCfg = Debug|Any CPU
		{0D90675C-B3BC-4766-95AC-ACABB265EEEB}.Debug|Any CPU.Build.0 = Debug|Any CPU
		{0D90675C-B3BC-4766-95AC-ACABB265EEEB}.Release|Any CPU.ActiveCfg = Release|Any CPU
		{0D90675C-B3BC-4766-95AC-ACABB265EEEB}.Release|Any CPU.Build.0 = Release|Any CPU
		{12D0D483-409D-4EAF-B03C-95D2C08744D9}.Debug|Any CPU.ActiveCfg = Debug|Any CPU
		{12D0D483-409D-4EAF-B03C-95D2C08744D9}.Debug|Any CPU.Build.0 = Debug|Any CPU
		{12D0D483-409D-4EAF-B03C-95D2C08744D9}.Release|Any CPU.ActiveCfg = Release|Any CPU
		{12D0D483-409D-4EAF-B03C-95D2C08744D9}.Release|Any CPU.Build.0 = Release|Any CPU
		{D6FEB1C2-35CA-4B01-965A-D42627437762}.Debug|Any CPU.ActiveCfg = Debug|Any CPU
		{D6FEB1C2-35CA-4B01-965A-D42627437762}.Debug|Any CPU.Build.0 = Debug|Any CPU
		{D6FEB1C2-35CA-4B01-965A-D42627437762}.Release|Any CPU.ActiveCfg = Release|Any CPU
		{D6FEB1C2-35CA-4B01-965A-D42627437762}.Release|Any CPU.Build.0 = Release|Any CPU
		{734052A1-A558-4843-8102-E2033DC828C7}.Debug|Any CPU.ActiveCfg = Debug|Any CPU
		{734052A1-A558-4843-8102-E2033DC828C7}.Debug|Any CPU.Build.0 = Debug|Any CPU
		{734052A1-A558-4843-8102-E2033DC828C7}.Release|Any CPU.ActiveCfg = Release|Any CPU
		{734052A1-A558-4843-8102-E2033DC828C7}.Release|Any CPU.Build.0 = Release|Any CPU
		{D0F233F7-B54F-4F99-AEDD-01F5220A37FF}.Debug|Any CPU.ActiveCfg = Debug|Any CPU
		{D0F233F7-B54F-4F99-AEDD-01F5220A37FF}.Debug|Any CPU.Build.0 = Debug|Any CPU
		{D0F233F7-B54F-4F99-AEDD-01F5220A37FF}.Release|Any CPU.ActiveCfg = Release|Any CPU
		{D0F233F7-B54F-4F99-AEDD-01F5220A37FF}.Release|Any CPU.Build.0 = Release|Any CPU
	EndGlobalSection
	GlobalSection(SolutionProperties) = preSolution
		HideSolutionNode = FALSE
	EndGlobalSection
	GlobalSection(ExtensibilityGlobals) = postSolution
		SolutionGuid = {6A7C1900-CCCF-42B4-824B-8425C5FCB355}
	EndGlobalSection
EndGlobal
