
Microsoft Visual Studio Solution File, Format Version 12.00
# Visual Studio Version 16
VisualStudioVersion = 16.0.30114.105
MinimumVisualStudioVersion = 10.0.40219.1
Project("{2150E333-8FDC-42A3-9474-1A3956D46DE8}") = "Solution Items", "Solution Items", "{EB965DA8-FEC1-40F1-BE84-0568DAB66EDA}"
	ProjectSection(SolutionItems) = preProject
		postman\Emsi Training.postman_environment.json = postman\Emsi Training.postman_environment.json
		postman\Emsi.postman_collection.json = postman\Emsi.postman_collection.json
	EndProjectSection
EndProject
Project("{FAE04EC0-301F-11D3-BF4B-00C04F79EFBC}") = "Emsi.Playground", "Emsi.Playground\Emsi.Playground.csproj", "{6F84EBE5-EFC1-4A30-B1C8-7CA0A5D7C829}"
EndProject
Global
	GlobalSection(SolutionConfigurationPlatforms) = preSolution
		Debug|Any CPU = Debug|Any CPU
		Release|Any CPU = Release|Any CPU
	EndGlobalSection
	GlobalSection(ProjectConfigurationPlatforms) = postSolution
		{6F84EBE5-EFC1-4A30-B1C8-7CA0A5D7C829}.Debug|Any CPU.ActiveCfg = Debug|Any CPU
		{6F84EBE5-EFC1-4A30-B1C8-7CA0A5D7C829}.Debug|Any CPU.Build.0 = Debug|Any CPU
		{6F84EBE5-EFC1-4A30-B1C8-7CA0A5D7C829}.Release|Any CPU.ActiveCfg = Release|Any CPU
		{6F84EBE5-EFC1-4A30-B1C8-7CA0A5D7C829}.Release|Any CPU.Build.0 = Release|Any CPU
	EndGlobalSection
	GlobalSection(SolutionProperties) = preSolution
		HideSolutionNode = FALSE
	EndGlobalSection
	GlobalSection(ExtensibilityGlobals) = postSolution
		SolutionGuid = {6A7C1900-CCCF-42B4-824B-8425C5FCB355}
	EndGlobalSection
EndGlobal
